
Microsoft Visual Studio Solution File, Format Version 12.00
# Visual Studio Version 16
VisualStudioVersion = 16.0.31515.178
MinimumVisualStudioVersion = 10.0.40219.1
Project("{FAE04EC0-301F-11D3-BF4B-00C04F79EFBC}") = "SchoolBackendAPIs", "SchoolBackendAPIs\SchoolBackendAPIs.csproj", "{11033DCD-B02F-4B24-ADE9-053388DBB423}"
EndProject
Global
	GlobalSection(SolutionConfigurationPlatforms) = preSolution
		Debug|Any CPU = Debug|Any CPU
		Release|Any CPU = Release|Any CPU
	EndGlobalSection
	GlobalSection(ProjectConfigurationPlatforms) = postSolution
		{11033DCD-B02F-4B24-ADE9-053388DBB423}.Debug|Any CPU.ActiveCfg = Debug|Any CPU
		{11033DCD-B02F-4B24-ADE9-053388DBB423}.Debug|Any CPU.Build.0 = Debug|Any CPU
		{11033DCD-B02F-4B24-ADE9-053388DBB423}.Release|Any CPU.ActiveCfg = Release|Any CPU
		{11033DCD-B02F-4B24-ADE9-053388DBB423}.Release|Any CPU.Build.0 = Release|Any CPU
	EndGlobalSection
	GlobalSection(SolutionProperties) = preSolution
		HideSolutionNode = FALSE
	EndGlobalSection
	GlobalSection(ExtensibilityGlobals) = postSolution
		SolutionGuid = {32B225EE-078B-44A3-A77F-AF858F72DE54}
	EndGlobalSection
EndGlobal
